{
  "name": "eslint-config-kununu-universal",
  "version": "1.0.1",
  "lockfileVersion": 1,
  "requires": true,
  "dependencies": {
    "eslint-config-airbnb": {
      "version": "13.0.0",
      "resolved": "https://registry.npmjs.org/eslint-config-airbnb/-/eslint-config-airbnb-13.0.0.tgz",
      "integrity": "sha1-aI0V08J2wMdTrlOMkqRDl9dq5G4=",
      "requires": {
        "eslint-config-airbnb-base": "10.0.1"
      }
    },
    "eslint-config-airbnb-base": {
      "version": "10.0.1",
      "resolved": "https://registry.npmjs.org/eslint-config-airbnb-base/-/eslint-config-airbnb-base-10.0.1.tgz",
      "integrity": "sha1-8X1OUpksHUXRt3E++81ezQ5+BQY="
    }
  }
}
